{
  "name": "functions",
  "lockfileVersion": 3,
  "requires": true,
  "packages": {
    "": {
      "dependencies": {
        "rules-tests": "file:.."
      }
    },
    "..": {
      "name": "rules-tests",
      "devDependencies": {
        "@firebase/rules-unit-testing": "^3.0.0",
        "firebase-admin": "^12.6.0"
      }
    },
    "node_modules/rules-tests": {
      "resolved": "..",
      "link": true
    }
  }
}
